// !$*UTF8*$!
{
	archiveVersion = 1;
	classes = {
	};
	objectVersion = 50;
	objects = {

/* Begin PBXBuildFile section */
		00677BD021A4F04300481A2A /* AppDelegate.swift in Sources */ = {isa = PBXBuildFile; fileRef = 00677BCF21A4F04300481A2A /* AppDelegate.swift */; };
		00677BD221A4F04300481A2A /* ViewController.swift in Sources */ = {isa = PBXBuildFile; fileRef = 00677BD121A4F04300481A2A /* ViewController.swift */; };
		00677BD521A4F04300481A2A /* Main.storyboard in Resources */ = {isa = PBXBuildFile; fileRef = 00677BD321A4F04300481A2A /* Main.storyboard */; };
		00677BDA21A4F05300481A2A /* LaunchScreen.storyboard in Resources */ = {isa = PBXBuildFile; fileRef = 00677BD821A4F05300481A2A /* LaunchScreen.storyboard */; };
		00677BE421A5064900481A2A /* Assets.xcassets in Resources */ = {isa = PBXBuildFile; fileRef = 00677BE221A5064900481A2A /* Assets.xcassets */; };
		00677BE521A5064900481A2A /* begonia.mp4 in Resources */ = {isa = PBXBuildFile; fileRef = 00677BE321A5064900481A2A /* begonia.mp4 */; };
/* End PBXBuildFile section */

/* Begin PBXFileReference section */
		00677BCC21A4F04300481A2A /* ARKitPlayVideo.app */ = {isa = PBXFileReference; explicitFileType = wrapper.application; includeInIndex = 0; path = ARKitPlayVideo.app; sourceTree = BUILT_PRODUCTS_DIR; };
		00677BCF21A4F04300481A2A /* AppDelegate.swift */ = {isa = PBXFileReference; lastKnownFileType = sourcecode.swift; path = AppDelegate.swift; sourceTree = "<group>"; };
		00677BD121A4F04300481A2A /* ViewController.swift */ = {isa = PBXFileReference; lastKnownFileType = sourcecode.swift; path = ViewController.swift; sourceTree = "<group>"; };
		00677BD421A4F04300481A2A /* Base */ = {isa = PBXFileReference; lastKnownFileType = file.storyboard; name = Base; path = Base.lproj/Main.storyboard; sourceTree = "<group>"; };
		00677BD921A4F05300481A2A /* Base */ = {isa = PBXFileReference; lastKnownFileType = file.storyboard; name = Base; path = Base.lproj/LaunchScreen.storyboard; sourceTree = "<group>"; };
		00677BDB21A4F05300481A2A /* Info.plist */ = {isa = PBXFileReference; lastKnownFileType = text.plist.xml; path = Info.plist; sourceTree = "<group>"; };
		00677BE221A5064900481A2A /* Assets.xcassets */ = {isa = PBXFileReference; lastKnownFileType = folder.assetcatalog; path = Assets.xcassets; sourceTree = "<group>"; };
		00677BE321A5064900481A2A /* begonia.mp4 */ = {isa = PBXFileReference; lastKnownFileType = file; path = begonia.mp4; sourceTree = "<group>"; };
/* End PBXFileReference section */

/* Begin PBXFrameworksBuildPhase section */
		00677BC921A4F04300481A2A /* Frameworks */ = {
			isa = PBXFrameworksBuildPhase;
			buildActionMask = 2147483647;
			files = (
			);
			runOnlyForDeploymentPostprocessing = 0;
		};
/* End PBXFrameworksBuildPhase section */

/* Begin PBXGroup section */
		00677BC321A4F04300481A2A = {
			isa = PBXGroup;
			children = (
				00677BCE21A4F04300481A2A /* ARKitPlayVideo */,
				00677BCD21A4F04300481A2A /* Products */,
			);
			sourceTree = "<group>";
		};
		00677BCD21A4F04300481A2A /* Products */ = {
			isa = PBXGroup;
			children = (
				00677BCC21A4F04300481A2A /* ARKitPlayVideo.app */,
			);
			name = Products;
			sourceTree = "<group>";
		};
		00677BCE21A4F04300481A2A /* ARKitPlayVideo */ = {
			isa = PBXGroup;
			children = (
				00677BE121A5064900481A2A /* Resources */,
				00677BCF21A4F04300481A2A /* AppDelegate.swift */,
				00677BD121A4F04300481A2A /* ViewController.swift */,
				00677BD321A4F04300481A2A /* Main.storyboard */,
				00677BD821A4F05300481A2A /* LaunchScreen.storyboard */,
				00677BDB21A4F05300481A2A /* Info.plist */,
			);
			path = ARKitPlayVideo;
			sourceTree = "<group>";
		};
		00677BE121A5064900481A2A /* Resources */ = {
			isa = PBXGroup;
			children = (
				00677BE221A5064900481A2A /* Assets.xcassets */,
				00677BE321A5064900481A2A /* begonia.mp4 */,
			);
			path = Resources;
			sourceTree = "<group>";
		};
/* End PBXGroup section */

/* Begin PBXNativeTarget section */
		00677BCB21A4F04300481A2A /* ARKitPlayVideo */ = {
			isa = PBXNativeTarget;
			buildConfigurationList = 00677BDE21A4F05300481A2A /* Build configuration list for PBXNativeTarget "ARKitPlayVideo" */;
			buildPhases = (
				00677BC821A4F04300481A2A /* Sources */,
				00677BC921A4F04300481A2A /* Frameworks */,
				00677BCA21A4F04300481A2A /* Resources */,
			);
			buildRules = (
			);
			dependencies = (
			);
			name = ARKitPlayVideo;
			productName = ARKitPlayVideo;
			productReference = 00677BCC21A4F04300481A2A /* ARKitPlayVideo.app */;
			productType = "com.apple.product-type.application";
		};
/* End PBXNativeTarget section */

/* Begin PBXProject section */
		00677BC421A4F04300481A2A /* Project object */ = {
			isa = PBXProject;
			attributes = {
				LastSwiftUpdateCheck = 1000;
				LastUpgradeCheck = 1000;
				ORGANIZATIONNAME = mulberry;
				TargetAttributes = {
					00677BCB21A4F04300481A2A = {
						CreatedOnToolsVersion = 10.0;
					};
				};
			};
			buildConfigurationList = 00677BC721A4F04300481A2A /* Build configuration list for PBXProject "ARKitPlayVideo" */;
			compatibilityVersion = "Xcode 9.3";
			developmentRegion = en;
			hasScannedForEncodings = 0;
			knownRegions = (
				en,
				Base,
			);
			mainGroup = 00677BC321A4F04300481A2A;
			productRefGroup = 00677BCD21A4F04300481A2A /* Products */;
			projectDirPath = "";
			projectRoot = "";
			targets = (
				00677BCB21A4F04300481A2A /* ARKitPlayVideo */,
			);
		};
/* End PBXProject section */

/* Begin PBXResourcesBuildPhase section */
		00677BCA21A4F04300481A2A /* Resources */ = {
			isa = PBXResourcesBuildPhase;
			buildActionMask = 2147483647;
			files = (
				00677BDA21A4F05300481A2A /* LaunchScreen.storyboard in Resources */,
				00677BE521A5064900481A2A /* begonia.mp4 in Resources */,
				00677BE421A5064900481A2A /* Assets.xcassets in Resources */,
				00677BD521A4F04300481A2A /* Main.storyboard in Resources */,
			);
			runOnlyForDeploymentPostprocessing = 0;
		};
/* End PBXResourcesBuildPhase section */

/* Begin PBXSourcesBuildPhase section */
		00677BC821A4F04300481A2A /* Sources */ = {
			isa = PBXSourcesBuildPhase;
			buildActionMask = 2147483647;
			files = (
				00677BD221A4F04300481A2A /* ViewController.swift in Sources */,
				00677BD021A4F04300481A2A /* AppDelegate.swift in Sources */,
			);
			runOnlyForDeploymentPostprocessing = 0;
		};
/* End PBXSourcesBuildPhase section */

/* Begin PBXVariantGroup section */
		00677BD321A4F04300481A2A /* Main.storyboard */ = {
			isa = PBXVariantGroup;
			children = (
				00677BD421A4F04300481A2A /* Base */,
			);
			name = Main.storyboard;
			sourceTree = "<group>";
		};
		00677BD821A4F05300481A2A /* LaunchScreen.storyboard */ = {
			isa = PBXVariantGroup;
			children = (
				00677BD921A4F05300481A2A /* Base */,
			);
			name = LaunchScreen.storyboard;
			sourceTree = "<group>";
		};
/* End PBXVariantGroup section */

/* Begin XCBuildConfiguration section */
		00677BDC21A4F05300481A2A /* Debug */ = {
			isa = XCBuildConfiguration;
			buildSettings = {
				ALWAYS_SEARCH_USER_PATHS = NO;
				CLANG_ANALYZER_NONNULL = YES;
				CLANG_ANALYZER_NUMBER_OBJECT_CONVERSION = YES_AGGRESSIVE;
				CLANG_CXX_LANGUAGE_STANDARD = "gnu++14";
				CLANG_CXX_LIBRARY = "libc++";
				CLANG_ENABLE_MODULES = YES;
				CLANG_ENABLE_OBJC_ARC = YES;
				CLANG_ENABLE_OBJC_WEAK = YES;
				CLANG_WARN_BLOCK_CAPTURE_AUTORELEASING = YES;
				CLANG_WARN_BOOL_CONVERSION = YES;
				CLANG_WARN_COMMA = YES;
				CLANG_WARN_CONSTANT_CONVERSION = YES;
				CLANG_WARN_DEPRECATED_OBJC_IMPLEMENTATIONS = YES;
				CLANG_WARN_DIRECT_OBJC_ISA_USAGE = YES_ERROR;
				CLANG_WARN_DOCUMENTATION_COMMENTS = YES;
				CLANG_WARN_EMPTY_BODY = YES;
				CLANG_WARN_ENUM_CONVERSION = YES;
				CLANG_WARN_INFINITE_RECURSION = YES;
				CLANG_WARN_INT_CONVERSION = YES;
				CLANG_WARN_NON_LITERAL_NULL_CONVERSION = YES;
				CLANG_WARN_OBJC_IMPLICIT_RETAIN_SELF = YES;
				CLANG_WARN_OBJC_LITERAL_CONVERSION = YES;
				CLANG_WARN_OBJC_ROOT_CLASS = YES_ERROR;
				CLANG_WARN_RANGE_LOOP_ANALYSIS = YES;
				CLANG_WARN_STRICT_PROTOTYPES = YES;
				CLANG_WARN_SUSPICIOUS_MOVE = YES;
				CLANG_WARN_UNGUARDED_AVAILABILITY = YES_AGGRESSIVE;
				CLANG_WARN_UNREACHABLE_CODE = YES;
				CLANG_WARN__DUPLICATE_METHOD_MATCH = YES;
				CODE_SIGN_IDENTITY = "iPhone Developer";
				COPY_PHASE_STRIP = NO;
				DEBUG_INFORMATION_FORMAT = dwarf;
				ENABLE_STRICT_OBJC_MSGSEND = YES;
				ENABLE_TESTABILITY = YES;
				GCC_C_LANGUAGE_STANDARD = gnu11;
				GCC_DYNAMIC_NO_PIC = NO;
				GCC_NO_COMMON_BLOCKS = YES;
				GCC_OPTIMIZATION_LEVEL = 0;
				GCC_PREPROCESSOR_DEFINITIONS = (
					"DEBUG=1",
					"$(inherited)",
				);
				GCC_WARN_64_TO_32_BIT_CONVERSION = YES;
				GCC_WARN_ABOUT_RETURN_TYPE = YES_ERROR;
				GCC_WARN_UNDECLARED_SELECTOR = YES;
				GCC_WARN_UNINITIALIZED_AUTOS = YES_AGGRESSIVE;
				GCC_WARN_UNUSED_FUNCTION = YES;
				GCC_WARN_UNUSED_VARIABLE = YES;
				IPHONEOS_DEPLOYMENT_TARGET = 12.0;
				MTL_ENABLE_DEBUG_INFO = INCLUDE_SOURCE;
				MTL_FAST_MATH = YES;
				ONLY_ACTIVE_ARCH = YES;
				SDKROOT = iphoneos;
				SWIFT_ACTIVE_COMPILATION_CONDITIONS = DEBUG;
				SWIFT_OPTIMIZATION_LEVEL = "-Onone";
			};
			name = Debug;
		};
		00677BDD21A4F05300481A2A /* Release */ = {
			isa = XCBuildConfiguration;
			buildSettings = {
				ALWAYS_SEARCH_USER_PATHS = NO;
				CLANG_ANALYZER_NONNULL = YES;
				CLANG_ANALYZER_NUMBER_OBJECT_CONVERSION = YES_AGGRESSIVE;
				CLANG_CXX_LANGUAGE_STANDARD = "gnu++14";
				CLANG_CXX_LIBRARY = "libc++";
				CLANG_ENABLE_MODULES = YES;
				CLANG_ENABLE_OBJC_ARC = YES;
				CLANG_ENABLE_OBJC_WEAK = YES;
				CLANG_WARN_BLOCK_CAPTURE_AUTORELEASING = YES;
				CLANG_WARN_BOOL_CONVERSION = YES;
				CLANG_WARN_COMMA = YES;
				CLANG_WARN_CONSTANT_CONVERSION = YES;
				CLANG_WARN_DEPRECATED_OBJC_IMPLEMENTATIONS = YES;
				CLANG_WARN_DIRECT_OBJC_ISA_USAGE = YES_ERROR;
				CLANG_WARN_DOCUMENTATION_COMMENTS = YES;
				CLANG_WARN_EMPTY_BODY = YES;
				CLANG_WARN_ENUM_CONVERSION = YES;
				CLANG_WARN_INFINITE_RECURSION = YES;
				CLANG_WARN_INT_CONVERSION = YES;
				CLANG_WARN_NON_LITERAL_NULL_CONVERSION = YES;
				CLANG_WARN_OBJC_IMPLICIT_RETAIN_SELF = YES;
				CLANG_WARN_OBJC_LITERAL_CONVERSION = YES;
				CLANG_WARN_OBJC_ROOT_CLASS = YES_ERROR;
				CLANG_WARN_RANGE_LOOP_ANALYSIS = YES;
				CLANG_WARN_STRICT_PROTOTYPES = YES;
				CLANG_WARN_SUSPICIOUS_MOVE = YES;
				CLANG_WARN_UNGUARDED_AVAILABILITY = YES_AGGRESSIVE;
				CLANG_WARN_UNREACHABLE_CODE = YES;
				CLANG_WARN__DUPLICATE_METHOD_MATCH = YES;
				CODE_SIGN_IDENTITY = "iPhone Developer";
				COPY_PHASE_STRIP = NO;
				DEBUG_INFORMATION_FORMAT = "dwarf-with-dsym";
				ENABLE_NS_ASSERTIONS = NO;
				ENABLE_STRICT_OBJC_MSGSEND = YES;
				GCC_C_LANGUAGE_STANDARD = gnu11;
				GCC_NO_COMMON_BLOCKS = YES;
				GCC_WARN_64_TO_32_BIT_CONVERSION = YES;
				GCC_WARN_ABOUT_RETURN_TYPE = YES_ERROR;
				GCC_WARN_UNDECLARED_SELECTOR = YES;
				GCC_WARN_UNINITIALIZED_AUTOS = YES_AGGRESSIVE;
				GCC_WARN_UNUSED_FUNCTION = YES;
				GCC_WARN_UNUSED_VARIABLE = YES;
				IPHONEOS_DEPLOYMENT_TARGET = 12.0;
				MTL_ENABLE_DEBUG_INFO = NO;
				MTL_FAST_MATH = YES;
				SDKROOT = iphoneos;
				SWIFT_COMPILATION_MODE = wholemodule;
				SWIFT_OPTIMIZATION_LEVEL = "-O";
				VALIDATE_PRODUCT = YES;
			};
			name = Release;
		};
		00677BDF21A4F05300481A2A /* Debug */ = {
			isa = XCBuildConfiguration;
			buildSettings = {
				ASSETCATALOG_COMPILER_APPICON_NAME = AppIcon;
				CODE_SIGN_STYLE = Automatic;
				DEVELOPMENT_TEAM = B3A365563G;
				INFOPLIST_FILE = ARKitPlayVideo/Info.plist;
				LD_RUNPATH_SEARCH_PATHS = (
					"$(inherited)",
					"@executable_path/Frameworks",
				);
				PRODUCT_BUNDLE_IDENTIFIER = com.mulberry.ARKitPlayVideo;
				PRODUCT_NAME = "$(TARGET_NAME)";
				SWIFT_VERSION = 4.2;
				TARGETED_DEVICE_FAMILY = "1,2";
			};
			name = Debug;
		};
		00677BE021A4F05300481A2A /* Release */ = {
			isa = XCBuildConfiguration;
			buildSettings = {
				ASSETCATALOG_COMPILER_APPICON_NAME = AppIcon;
				CODE_SIGN_STYLE = Automatic;
				DEVELOPMENT_TEAM = B3A365563G;
				INFOPLIST_FILE = ARKitPlayVideo/Info.plist;
				LD_RUNPATH_SEARCH_PATHS = (
					"$(inherited)",
					"@executable_path/Frameworks",
				);
				PRODUCT_BUNDLE_IDENTIFIER = com.mulberry.ARKitPlayVideo;
				PRODUCT_NAME = "$(TARGET_NAME)";
				SWIFT_VERSION = 4.2;
				TARGETED_DEVICE_FAMILY = "1,2";
			};
			name = Release;
		};
/* End XCBuildConfiguration section */

/* Begin XCConfigurationList section */
		00677BC721A4F04300481A2A /* Build configuration list for PBXProject "ARKitPlayVideo" */ = {
			isa = XCConfigurationList;
			buildConfigurations = (
				00677BDC21A4F05300481A2A /* Debug */,
				00677BDD21A4F05300481A2A /* Release */,
			);
			defaultConfigurationIsVisible = 0;
			defaultConfigurationName = Release;
		};
		00677BDE21A4F05300481A2A /* Build configuration list for PBXNativeTarget "ARKitPlayVideo" */ = {
			isa = XCConfigurationList;
			buildConfigurations = (
				00677BDF21A4F05300481A2A /* Debug */,
				00677BE021A4F05300481A2A /* Release */,
			);
			defaultConfigurationIsVisible = 0;
			defaultConfigurationName = Release;
		};
/* End XCConfigurationList section */
	};
	rootObject = 00677BC421A4F04300481A2A /* Project object */;
}
